// !$*UTF8*$!
{
	archiveVersion = 1;
	classes = {
	};
	objectVersion = 56;
	objects = {

/* Begin PBXBuildFile section */
		24ABAF1C29F5CADB00655B3D /* AppDelegate.swift in Sources */ = {isa = PBXBuildFile; fileRef = 24ABAF1B29F5CADB00655B3D /* AppDelegate.swift */; };
		24ABAF1E29F5CADB00655B3D /* SceneDelegate.swift in Sources */ = {isa = PBXBuildFile; fileRef = 24ABAF1D29F5CADB00655B3D /* SceneDelegate.swift */; };
		24ABAF2029F5CADB00655B3D /* ViewController.swift in Sources */ = {isa = PBXBuildFile; fileRef = 24ABAF1F29F5CADB00655B3D /* ViewController.swift */; };
		24ABAF2329F5CADB00655B3D /* Main.storyboard in Resources */ = {isa = PBXBuildFile; fileRef = 24ABAF2129F5CADB00655B3D /* Main.storyboard */; };
		24ABAF2629F5CADB00655B3D /* TableViewCellTest.xcdatamodeld in Sources */ = {isa = PBXBuildFile; fileRef = 24ABAF2429F5CADB00655B3D /* TableViewCellTest.xcdatamodeld */; };
		24ABAF2829F5CADD00655B3D /* Assets.xcassets in Resources */ = {isa = PBXBuildFile; fileRef = 24ABAF2729F5CADD00655B3D /* Assets.xcassets */; };
		24ABAF2B29F5CADD00655B3D /* LaunchScreen.storyboard in Resources */ = {isa = PBXBuildFile; fileRef = 24ABAF2929F5CADD00655B3D /* LaunchScreen.storyboard */; };
		24ABAF3929F5D87800655B3D /* MyCell.swift in Sources */ = {isa = PBXBuildFile; fileRef = 24ABAF3829F5D87800655B3D /* MyCell.swift */; };
/* End PBXBuildFile section */

/* Begin PBXFileReference section */
		24ABAF1829F5CADB00655B3D /* TableViewCellTest.app */ = {isa = PBXFileReference; explicitFileType = wrapper.application; includeInIndex = 0; path = TableViewCellTest.app; sourceTree = BUILT_PRODUCTS_DIR; };
		24ABAF1B29F5CADB00655B3D /* AppDelegate.swift */ = {isa = PBXFileReference; lastKnownFileType = sourcecode.swift; path = AppDelegate.swift; sourceTree = "<group>"; };
		24ABAF1D29F5CADB00655B3D /* SceneDelegate.swift */ = {isa = PBXFileReference; lastKnownFileType = sourcecode.swift; path = SceneDelegate.swift; sourceTree = "<group>"; };
		24ABAF1F29F5CADB00655B3D /* ViewController.swift */ = {isa = PBXFileReference; lastKnownFileType = sourcecode.swift; path = ViewController.swift; sourceTree = "<group>"; };
		24ABAF2229F5CADB00655B3D /* Base */ = {isa = PBXFileReference; lastKnownFileType = file.storyboard; name = Base; path = Base.lproj/Main.storyboard; sourceTree = "<group>"; };
		24ABAF2529F5CADB00655B3D /* TableViewCellTest.xcdatamodel */ = {isa = PBXFileReference; lastKnownFileType = wrapper.xcdatamodel; path = TableViewCellTest.xcdatamodel; sourceTree = "<group>"; };
		24ABAF2729F5CADD00655B3D /* Assets.xcassets */ = {isa = PBXFileReference; lastKnownFileType = folder.assetcatalog; path = Assets.xcassets; sourceTree = "<group>"; };
		24ABAF2A29F5CADD00655B3D /* Base */ = {isa = PBXFileReference; lastKnownFileType = file.storyboard; name = Base; path = Base.lproj/LaunchScreen.storyboard; sourceTree = "<group>"; };
		24ABAF2C29F5CADD00655B3D /* Info.plist */ = {isa = PBXFileReference; lastKnownFileType = text.plist.xml; path = Info.plist; sourceTree = "<group>"; };
		24ABAF3829F5D87800655B3D /* MyCell.swift */ = {isa = PBXFileReference; lastKnownFileType = sourcecode.swift; path = MyCell.swift; sourceTree = "<group>"; };
/* End PBXFileReference section */

/* Begin PBXFrameworksBuildPhase section */
		24ABAF1529F5CADB00655B3D /* Frameworks */ = {
			isa = PBXFrameworksBuildPhase;
			buildActionMask = 2147483647;
			files = (
			);
			runOnlyForDeploymentPostprocessing = 0;
		};
/* End PBXFrameworksBuildPhase section */

/* Begin PBXGroup section */
		24ABAF0F29F5CADB00655B3D = {
			isa = PBXGroup;
			children = (
				24ABAF1A29F5CADB00655B3D /* TableViewCellTest */,
				24ABAF1929F5CADB00655B3D /* Products */,
			);
			sourceTree = "<group>";
		};
		24ABAF1929F5CADB00655B3D /* Products */ = {
			isa = PBXGroup;
			children = (
				24ABAF1829F5CADB00655B3D /* TableViewCellTest.app */,
			);
			name = Products;
			sourceTree = "<group>";
		};
		24ABAF1A29F5CADB00655B3D /* TableViewCellTest */ = {
			isa = PBXGroup;
			children = (
				24ABAF1B29F5CADB00655B3D /* AppDelegate.swift */,
				24ABAF1D29F5CADB00655B3D /* SceneDelegate.swift */,
				24ABAF1F29F5CADB00655B3D /* ViewController.swift */,
				24ABAF3829F5D87800655B3D /* MyCell.swift */,
				24ABAF2129F5CADB00655B3D /* Main.storyboard */,
				24ABAF2729F5CADD00655B3D /* Assets.xcassets */,
				24ABAF2929F5CADD00655B3D /* LaunchScreen.storyboard */,
				24ABAF2C29F5CADD00655B3D /* Info.plist */,
				24ABAF2429F5CADB00655B3D /* TableViewCellTest.xcdatamodeld */,
			);
			path = TableViewCellTest;
			sourceTree = "<group>";
		};
/* End PBXGroup section */

/* Begin PBXNativeTarget section */
		24ABAF1729F5CADB00655B3D /* TableViewCellTest */ = {
			isa = PBXNativeTarget;
			buildConfigurationList = 24ABAF2F29F5CADD00655B3D /* Build configuration list for PBXNativeTarget "TableViewCellTest" */;
			buildPhases = (
				24ABAF1429F5CADB00655B3D /* Sources */,
				24ABAF1529F5CADB00655B3D /* Frameworks */,
				24ABAF1629F5CADB00655B3D /* Resources */,
			);
			buildRules = (
			);
			dependencies = (
			);
			name = TableViewCellTest;
			productName = TableViewCellTest;
			productReference = 24ABAF1829F5CADB00655B3D /* TableViewCellTest.app */;
			productType = "com.apple.product-type.application";
		};
/* End PBXNativeTarget section */

/* Begin PBXProject section */
		24ABAF1029F5CADB00655B3D /* Project object */ = {
			isa = PBXProject;
			attributes = {
				BuildIndependentTargetsInParallel = 1;
				LastSwiftUpdateCheck = 1430;
				LastUpgradeCheck = 1430;
				TargetAttributes = {
					24ABAF1729F5CADB00655B3D = {
						CreatedOnToolsVersion = 14.3;
					};
				};
			};
			buildConfigurationList = 24ABAF1329F5CADB00655B3D /* Build configuration list for PBXProject "TableViewCellTest" */;
			compatibilityVersion = "Xcode 14.0";
			developmentRegion = en;
			hasScannedForEncodings = 0;
			knownRegions = (
				en,
				Base,
			);
			mainGroup = 24ABAF0F29F5CADB00655B3D;
			productRefGroup = 24ABAF1929F5CADB00655B3D /* Products */;
			projectDirPath = "";
			projectRoot = "";
			targets = (
				24ABAF1729F5CADB00655B3D /* TableViewCellTest */,
			);
		};
/* End PBXProject section */

/* Begin PBXResourcesBuildPhase section */
		24ABAF1629F5CADB00655B3D /* Resources */ = {
			isa = PBXResourcesBuildPhase;
			buildActionMask = 2147483647;
			files = (
				24ABAF2B29F5CADD00655B3D /* LaunchScreen.storyboard in Resources */,
				24ABAF2829F5CADD00655B3D /* Assets.xcassets in Resources */,
				24ABAF2329F5CADB00655B3D /* Main.storyboard in Resources */,
			);
			runOnlyForDeploymentPostprocessing = 0;
		};
/* End PBXResourcesBuildPhase section */

/* Begin PBXSourcesBuildPhase section */
		24ABAF1429F5CADB00655B3D /* Sources */ = {
			isa = PBXSourcesBuildPhase;
			buildActionMask = 2147483647;
			files = (
				24ABAF2029F5CADB00655B3D /* ViewController.swift in Sources */,
				24ABAF3929F5D87800655B3D /* MyCell.swift in Sources */,
				24ABAF2629F5CADB00655B3D /* TableViewCellTest.xcdatamodeld in Sources */,
				24ABAF1C29F5CADB00655B3D /* AppDelegate.swift in Sources */,
				24ABAF1E29F5CADB00655B3D /* SceneDelegate.swift in Sources */,
			);
			runOnlyForDeploymentPostprocessing = 0;
		};
/* End PBXSourcesBuildPhase section */

/* Begin PBXVariantGroup section */
		24ABAF2129F5CADB00655B3D /* Main.storyboard */ = {
			isa = PBXVariantGroup;
			children = (
				24ABAF2229F5CADB00655B3D /* Base */,
			);
			name = Main.storyboard;
			sourceTree = "<group>";
		};
		24ABAF2929F5CADD00655B3D /* LaunchScreen.storyboard */ = {
			isa = PBXVariantGroup;
			children = (
				24ABAF2A29F5CADD00655B3D /* Base */,
			);
			name = LaunchScreen.storyboard;
			sourceTree = "<group>";
		};
/* End PBXVariantGroup section */

/* Begin XCBuildConfiguration section */
		24ABAF2D29F5CADD00655B3D /* Debug */ = {
			isa = XCBuildConfiguration;
			buildSettings = {
				ALWAYS_SEARCH_USER_PATHS = NO;
				CLANG_ANALYZER_NONNULL = YES;
				CLANG_ANALYZER_NUMBER_OBJECT_CONVERSION = YES_AGGRESSIVE;
				CLANG_CXX_LANGUAGE_STANDARD = "gnu++20";
				CLANG_ENABLE_MODULES = YES;
				CLANG_ENABLE_OBJC_ARC = YES;
				CLANG_ENABLE_OBJC_WEAK = YES;
				CLANG_WARN_BLOCK_CAPTURE_AUTORELEASING = YES;
				CLANG_WARN_BOOL_CONVERSION = YES;
				CLANG_WARN_COMMA = YES;
				CLANG_WARN_CONSTANT_CONVERSION = YES;
				CLANG_WARN_DEPRECATED_OBJC_IMPLEMENTATIONS = YES;
				CLANG_WARN_DIRECT_OBJC_ISA_USAGE = YES_ERROR;
				CLANG_WARN_DOCUMENTATION_COMMENTS = YES;
				CLANG_WARN_EMPTY_BODY = YES;
				CLANG_WARN_ENUM_CONVERSION = YES;
				CLANG_WARN_INFINITE_RECURSION = YES;
				CLANG_WARN_INT_CONVERSION = YES;
				CLANG_WARN_NON_LITERAL_NULL_CONVERSION = YES;
				CLANG_WARN_OBJC_IMPLICIT_RETAIN_SELF = YES;
				CLANG_WARN_OBJC_LITERAL_CONVERSION = YES;
				CLANG_WARN_OBJC_ROOT_CLASS = YES_ERROR;
				CLANG_WARN_QUOTED_INCLUDE_IN_FRAMEWORK_HEADER = YES;
				CLANG_WARN_RANGE_LOOP_ANALYSIS = YES;
				CLANG_WARN_STRICT_PROTOTYPES = YES;
				CLANG_WARN_SUSPICIOUS_MOVE = YES;
				CLANG_WARN_UNGUARDED_AVAILABILITY = YES_AGGRESSIVE;
				CLANG_WARN_UNREACHABLE_CODE = YES;
				CLANG_WARN__DUPLICATE_METHOD_MATCH = YES;
				COPY_PHASE_STRIP = NO;
				DEBUG_INFORMATION_FORMAT = dwarf;
				ENABLE_STRICT_OBJC_MSGSEND = YES;
				ENABLE_TESTABILITY = YES;
				GCC_C_LANGUAGE_STANDARD = gnu11;
				GCC_DYNAMIC_NO_PIC = NO;
				GCC_NO_COMMON_BLOCKS = YES;
				GCC_OPTIMIZATION_LEVEL = 0;
				GCC_PREPROCESSOR_DEFINITIONS = (
					"DEBUG=1",
					"$(inherited)",
				);
				GCC_WARN_64_TO_32_BIT_CONVERSION = YES;
				GCC_WARN_ABOUT_RETURN_TYPE = YES_ERROR;
				GCC_WARN_UNDECLARED_SELECTOR = YES;
				GCC_WARN_UNINITIALIZED_AUTOS = YES_AGGRESSIVE;
				GCC_WARN_UNUSED_FUNCTION = YES;
				GCC_WARN_UNUSED_VARIABLE = YES;
				IPHONEOS_DEPLOYMENT_TARGET = 16.4;
				MTL_ENABLE_DEBUG_INFO = INCLUDE_SOURCE;
				MTL_FAST_MATH = YES;
				ONLY_ACTIVE_ARCH = YES;
				SDKROOT = iphoneos;
				SWIFT_ACTIVE_COMPILATION_CONDITIONS = DEBUG;
				SWIFT_OPTIMIZATION_LEVEL = "-Onone";
			};
			name = Debug;
		};
		24ABAF2E29F5CADD00655B3D /* Release */ = {
			isa = XCBuildConfiguration;
			buildSettings = {
				ALWAYS_SEARCH_USER_PATHS = NO;
				CLANG_ANALYZER_NONNULL = YES;
				CLANG_ANALYZER_NUMBER_OBJECT_CONVERSION = YES_AGGRESSIVE;
				CLANG_CXX_LANGUAGE_STANDARD = "gnu++20";
				CLANG_ENABLE_MODULES = YES;
				CLANG_ENABLE_OBJC_ARC = YES;
				CLANG_ENABLE_OBJC_WEAK = YES;
				CLANG_WARN_BLOCK_CAPTURE_AUTORELEASING = YES;
				CLANG_WARN_BOOL_CONVERSION = YES;
				CLANG_WARN_COMMA = YES;
				CLANG_WARN_CONSTANT_CONVERSION = YES;
				CLANG_WARN_DEPRECATED_OBJC_IMPLEMENTATIONS = YES;
				CLANG_WARN_DIRECT_OBJC_ISA_USAGE = YES_ERROR;
				CLANG_WARN_DOCUMENTATION_COMMENTS = YES;
				CLANG_WARN_EMPTY_BODY = YES;
				CLANG_WARN_ENUM_CONVERSION = YES;
				CLANG_WARN_INFINITE_RECURSION = YES;
				CLANG_WARN_INT_CONVERSION = YES;
				CLANG_WARN_NON_LITERAL_NULL_CONVERSION = YES;
				CLANG_WARN_OBJC_IMPLICIT_RETAIN_SELF = YES;
				CLANG_WARN_OBJC_LITERAL_CONVERSION = YES;
				CLANG_WARN_OBJC_ROOT_CLASS = YES_ERROR;
				CLANG_WARN_QUOTED_INCLUDE_IN_FRAMEWORK_HEADER = YES;
				CLANG_WARN_RANGE_LOOP_ANALYSIS = YES;
				CLANG_WARN_STRICT_PROTOTYPES = YES;
				CLANG_WARN_SUSPICIOUS_MOVE = YES;
				CLANG_WARN_UNGUARDED_AVAILABILITY = YES_AGGRESSIVE;
				CLANG_WARN_UNREACHABLE_CODE = YES;
				CLANG_WARN__DUPLICATE_METHOD_MATCH = YES;
				COPY_PHASE_STRIP = NO;
				DEBUG_INFORMATION_FORMAT = "dwarf-with-dsym";
				ENABLE_NS_ASSERTIONS = NO;
				ENABLE_STRICT_OBJC_MSGSEND = YES;
				GCC_C_LANGUAGE_STANDARD = gnu11;
				GCC_NO_COMMON_BLOCKS = YES;
				GCC_WARN_64_TO_32_BIT_CONVERSION = YES;
				GCC_WARN_ABOUT_RETURN_TYPE = YES_ERROR;
				GCC_WARN_UNDECLARED_SELECTOR = YES;
				GCC_WARN_UNINITIALIZED_AUTOS = YES_AGGRESSIVE;
				GCC_WARN_UNUSED_FUNCTION = YES;
				GCC_WARN_UNUSED_VARIABLE = YES;
				IPHONEOS_DEPLOYMENT_TARGET = 16.4;
				MTL_ENABLE_DEBUG_INFO = NO;
				MTL_FAST_MATH = YES;
				SDKROOT = iphoneos;
				SWIFT_COMPILATION_MODE = wholemodule;
				SWIFT_OPTIMIZATION_LEVEL = "-O";
				VALIDATE_PRODUCT = YES;
			};
			name = Release;
		};
		24ABAF3029F5CADD00655B3D /* Debug */ = {
			isa = XCBuildConfiguration;
			buildSettings = {
				ASSETCATALOG_COMPILER_APPICON_NAME = AppIcon;
				ASSETCATALOG_COMPILER_GLOBAL_ACCENT_COLOR_NAME = AccentColor;
				CODE_SIGN_STYLE = Automatic;
				CURRENT_PROJECT_VERSION = 1;
				DEVELOPMENT_TEAM = FU4W2T5S4T;
				GENERATE_INFOPLIST_FILE = YES;
				INFOPLIST_FILE = TableViewCellTest/Info.plist;
				INFOPLIST_KEY_UIApplicationSupportsIndirectInputEvents = YES;
				INFOPLIST_KEY_UILaunchStoryboardName = LaunchScreen;
				INFOPLIST_KEY_UIMainStoryboardFile = Main;
				INFOPLIST_KEY_UISupportedInterfaceOrientations_iPad = "UIInterfaceOrientationPortrait UIInterfaceOrientationPortraitUpsideDown UIInterfaceOrientationLandscapeLeft UIInterfaceOrientationLandscapeRight";
				INFOPLIST_KEY_UISupportedInterfaceOrientations_iPhone = "UIInterfaceOrientationPortrait UIInterfaceOrientationLandscapeLeft UIInterfaceOrientationLandscapeRight";
				LD_RUNPATH_SEARCH_PATHS = (
					"$(inherited)",
					"@executable_path/Frameworks",
				);
				MARKETING_VERSION = 1.0;
				PRODUCT_BUNDLE_IDENTIFIER = MK.TableViewCellTest;
				PRODUCT_NAME = "$(TARGET_NAME)";
				SWIFT_EMIT_LOC_STRINGS = YES;
				SWIFT_VERSION = 5.0;
				TARGETED_DEVICE_FAMILY = "1,2";
			};
			name = Debug;
		};
		24ABAF3129F5CADD00655B3D /* Release */ = {
			isa = XCBuildConfiguration;
			buildSettings = {
				ASSETCATALOG_COMPILER_APPICON_NAME = AppIcon;
				ASSETCATALOG_COMPILER_GLOBAL_ACCENT_COLOR_NAME = AccentColor;
				CODE_SIGN_STYLE = Automatic;
				CURRENT_PROJECT_VERSION = 1;
				DEVELOPMENT_TEAM = FU4W2T5S4T;
				GENERATE_INFOPLIST_FILE = YES;
				INFOPLIST_FILE = TableViewCellTest/Info.plist;
				INFOPLIST_KEY_UIApplicationSupportsIndirectInputEvents = YES;
				INFOPLIST_KEY_UILaunchStoryboardName = LaunchScreen;
				INFOPLIST_KEY_UIMainStoryboardFile = Main;
				INFOPLIST_KEY_UISupportedInterfaceOrientations_iPad = "UIInterfaceOrientationPortrait UIInterfaceOrientationPortraitUpsideDown UIInterfaceOrientationLandscapeLeft UIInterfaceOrientationLandscapeRight";
				INFOPLIST_KEY_UISupportedInterfaceOrientations_iPhone = "UIInterfaceOrientationPortrait UIInterfaceOrientationLandscapeLeft UIInterfaceOrientationLandscapeRight";
				LD_RUNPATH_SEARCH_PATHS = (
					"$(inherited)",
					"@executable_path/Frameworks",
				);
				MARKETING_VERSION = 1.0;
				PRODUCT_BUNDLE_IDENTIFIER = MK.TableViewCellTest;
				PRODUCT_NAME = "$(TARGET_NAME)";
				SWIFT_EMIT_LOC_STRINGS = YES;
				SWIFT_VERSION = 5.0;
				TARGETED_DEVICE_FAMILY = "1,2";
			};
			name = Release;
		};
/* End XCBuildConfiguration section */

/* Begin XCConfigurationList section */
		24ABAF1329F5CADB00655B3D /* Build configuration list for PBXProject "TableViewCellTest" */ = {
			isa = XCConfigurationList;
			buildConfigurations = (
				24ABAF2D29F5CADD00655B3D /* Debug */,
				24ABAF2E29F5CADD00655B3D /* Release */,
			);
			defaultConfigurationIsVisible = 0;
			defaultConfigurationName = Release;
		};
		24ABAF2F29F5CADD00655B3D /* Build configuration list for PBXNativeTarget "TableViewCellTest" */ = {
			isa = XCConfigurationList;
			buildConfigurations = (
				24ABAF3029F5CADD00655B3D /* Debug */,
				24ABAF3129F5CADD00655B3D /* Release */,
			);
			defaultConfigurationIsVisible = 0;
			defaultConfigurationName = Release;
		};
/* End XCConfigurationList section */

/* Begin XCVersionGroup section */
		24ABAF2429F5CADB00655B3D /* TableViewCellTest.xcdatamodeld */ = {
			isa = XCVersionGroup;
			children = (
				24ABAF2529F5CADB00655B3D /* TableViewCellTest.xcdatamodel */,
			);
			currentVersion = 24ABAF2529F5CADB00655B3D /* TableViewCellTest.xcdatamodel */;
			path = TableViewCellTest.xcdatamodeld;
			sourceTree = "<group>";
			versionGroupType = wrapper.xcdatamodel;
		};
/* End XCVersionGroup section */
	};
	rootObject = 24ABAF1029F5CADB00655B3D /* Project object */;
}
